# THIS IS AN AUTOGENERATED FILE. DO NOT EDIT THIS FILE DIRECTLY.
# yarn lockfile v1


"@rbxts/compiler-types@^1.2.7-types.0":
  version "1.2.7-types.1"
  resolved "https://registry.yarnpkg.com/@rbxts/compiler-types/-/compiler-types-1.2.7-types.1.tgz#35986d7b7d05621612b20ec0c42f63b4a1de8749"
  integrity sha512-zr3QIJDgLN2dyPYSy4QwDRiZDm8BwQeUE8tsglPDgbVLJonaK7+PAqb1hoqZJ3ReQdZUElSKru9yAfI1Z0MOug==

"@rbxts/services@^1.2.0":
  version "1.2.0"
  resolved "https://registry.yarnpkg.com/@rbxts/services/-/services-1.2.0.tgz#5dcc980fc937d5634dab31f8e564f6565d78ea47"
  integrity sha512-GEnAGgRz/oFEfBCjr+UChO7D49c/l+Wgr2OHMkURBKbVAqGg7hVQbEs9PUr+9BuVx/8OlsqZ/cvrUYbwAyd60A==

"@rbxts/testez@^0.3.1-ts.7":
  version "0.3.1-ts.7"
  resolved "https://registry.yarnpkg.com/@rbxts/testez/-/testez-0.3.1-ts.7.tgz#a5bb2e0640123c007655329f264e9ee4fcafb565"
  integrity sha512-DkIlRFdMODHjJPEYJT/cPYv2ZQzSqAufF4XAsqrx7zFg8OVAkSHY5aGChGoPNrZo0PM4zz9bw46ZIVqLfcM05Q==

"@rbxts/types@^1.0.551":
  version "1.0.557"
  resolved "https://registry.yarnpkg.com/@rbxts/types/-/types-1.0.557.tgz#a97d90533f2a00044d31257adbeb3d647213583a"
  integrity sha512-bulbMtqvv8z7zSs1rm+4MqapmJ/I5SNNmEhi487m0AO50h+KpmBN025tGGhW4Im16YhhiKYdE/c8w5Xg6WExhg==
